
Microsoft Visual Studio Solution File, Format Version 12.00
# Visual Studio 2013
VisualStudioVersion = 12.0.30723.0
MinimumVisualStudioVersion = 10.0.40219.1
Project("{FAE04EC0-301F-11D3-BF4B-00C04F79EFBC}") = "PalladiumDwh.Wapi", "PalladiumDwh.Wapi\PalladiumDwh.Wapi.csproj", "{7BB008D7-F325-4D2B-A2B2-2E7FEA736051}"
EndProject
Project("{FAE04EC0-301F-11D3-BF4B-00C04F79EFBC}") = "PalladiumDwh.Uploader", "PalladiumDwh.Uploader\PalladiumDwh.Uploader.csproj", "{23FA8247-47A3-4DC8-BF37-A97E96FEFB58}"
EndProject
Global
	GlobalSection(SolutionConfigurationPlatforms) = preSolution
		Debug|Any CPU = Debug|Any CPU
		Release|Any CPU = Release|Any CPU
	EndGlobalSection
	GlobalSection(ProjectConfigurationPlatforms) = postSolution
		{7BB008D7-F325-4D2B-A2B2-2E7FEA736051}.Debug|Any CPU.ActiveCfg = Debug|Any CPU
		{7BB008D7-F325-4D2B-A2B2-2E7FEA736051}.Debug|Any CPU.Build.0 = Debug|Any CPU
		{7BB008D7-F325-4D2B-A2B2-2E7FEA736051}.Release|Any CPU.ActiveCfg = Release|Any CPU
		{7BB008D7-F325-4D2B-A2B2-2E7FEA736051}.Release|Any CPU.Build.0 = Release|Any CPU
		{23FA8247-47A3-4DC8-BF37-A97E96FEFB58}.Debug|Any CPU.ActiveCfg = Debug|Any CPU
		{23FA8247-47A3-4DC8-BF37-A97E96FEFB58}.Debug|Any CPU.Build.0 = Debug|Any CPU
		{23FA8247-47A3-4DC8-BF37-A97E96FEFB58}.Release|Any CPU.ActiveCfg = Release|Any CPU
		{23FA8247-47A3-4DC8-BF37-A97E96FEFB58}.Release|Any CPU.Build.0 = Release|Any CPU
	EndGlobalSection
	GlobalSection(SolutionProperties) = preSolution
		HideSolutionNode = FALSE
	EndGlobalSection
EndGlobal
