
Microsoft Visual Studio Solution File, Format Version 12.00
# Visual Studio 14
VisualStudioVersion = 14.0.25420.1
MinimumVisualStudioVersion = 10.0.40219.1
Project("{FAE04EC0-301F-11D3-BF4B-00C04F79EFBC}") = "PalladiumDwh.Core", "PalladiumDwh.Core\PalladiumDwh.Core.csproj", "{59A12AB3-C0EC-4CFE-BCA0-959FAA563AEB}"
EndProject
Project("{FAE04EC0-301F-11D3-BF4B-00C04F79EFBC}") = "PalladiumDwh.Shared", "PalladiumDwh.Shared\PalladiumDwh.Shared.csproj", "{50ED08E8-8FEA-4C87-B265-E39DAEA4B480}"
EndProject
Project("{2150E333-8FDC-42A3-9474-1A3956D46DE8}") = "Core", "Core", "{44DD0DF7-9AB4-4E62-85CB-481ED2980190}"
EndProject
Project("{2150E333-8FDC-42A3-9474-1A3956D46DE8}") = "Shared", "Shared", "{D08B9570-DB7E-4961-82DF-25F0587AE9CD}"
EndProject
Project("{2150E333-8FDC-42A3-9474-1A3956D46DE8}") = "API", "API", "{5E35045E-B1D3-45C0-B4E3-521BD380893D}"
EndProject
Project("{2150E333-8FDC-42A3-9474-1A3956D46DE8}") = "Client", "Client", "{91EBE02B-2447-4FE5-B176-B8EEE794AC6F}"
EndProject
Project("{FAE04EC0-301F-11D3-BF4B-00C04F79EFBC}") = "PalladiumDwh.Shared.Tests", "PalladiumDwh.Shared.Tests\PalladiumDwh.Shared.Tests.csproj", "{3293A13D-AF57-4C99-99A3-9DC9B92F12C2}"
EndProject
Project("{2150E333-8FDC-42A3-9474-1A3956D46DE8}") = "Infrastructure", "Infrastructure", "{A4EA0933-D8C4-4941-91C4-788A6693B873}"
EndProject
Project("{FAE04EC0-301F-11D3-BF4B-00C04F79EFBC}") = "PalladiumDwh.Infrastructure", "PalladiumDwh.Infrastructure\PalladiumDwh.Infrastructure.csproj", "{F6F71252-7E38-445D-BAE5-977B515B78AC}"
EndProject
Project("{FAE04EC0-301F-11D3-BF4B-00C04F79EFBC}") = "PalladiumDwh.Infrastructure.Tests", "PalladiumDwh.Infrastructure.Tests\PalladiumDwh.Infrastructure.Tests.csproj", "{1EBF6D9F-2331-4BFD-B197-6B64882787C0}"
EndProject
Project("{FAE04EC0-301F-11D3-BF4B-00C04F79EFBC}") = "PalladiumDwh.DWapi", "PalladiumDwh.DWapi\PalladiumDwh.DWapi.csproj", "{0DF9EEFC-BDD4-4640-87A2-55219E78AE8B}"
EndProject
Project("{FAE04EC0-301F-11D3-BF4B-00C04F79EFBC}") = "PalladiumDwh.Core.Tests", "PalladiumDwh.Core.Tests\PalladiumDwh.Core.Tests.csproj", "{42537A79-154B-4E6A-B7A2-324A8163C2BD}"
EndProject
Project("{FAE04EC0-301F-11D3-BF4B-00C04F79EFBC}") = "PalladiumDwh.DWapi.Tests", "PalladiumDwh.DWapi.Tests\PalladiumDwh.DWapi.Tests.csproj", "{F78E308A-9C01-4784-9945-CF4412173E9B}"
EndProject
Project("{2150E333-8FDC-42A3-9474-1A3956D46DE8}") = "Service", "Service", "{DCD16F7E-3B0C-458B-A051-239C437A3576}"
EndProject
Project("{FAE04EC0-301F-11D3-BF4B-00C04F79EFBC}") = "PalladiumDwh.DWapiService", "PalladiumDwh.DwapiService\PalladiumDwh.DWapiService.csproj", "{E7EF3F36-D069-49D3-B8F1-A341F00E678A}"
EndProject
Project("{FAE04EC0-301F-11D3-BF4B-00C04F79EFBC}") = "PalladiumDwh.Shared.Data", "PalladiumDwh.Shared.Data\PalladiumDwh.Shared.Data.csproj", "{AE9E2E4A-0F4D-4CA1-9EBB-9EEC7AA209CC}"
EndProject
Project("{FAE04EC0-301F-11D3-BF4B-00C04F79EFBC}") = "PalladiumDwh.Shared.Data.Tests", "PalladiumDwh.Shared.Data.Tests\PalladiumDwh.Shared.Data.Tests.csproj", "{2BA071EB-06AD-41A0-8ADA-0F9804A6246C}"
EndProject
Project("{FAE04EC0-301F-11D3-BF4B-00C04F79EFBC}") = "PalladiumDwh.ClientReader.Core", "PalladiumDwh.ClientReader.Core\PalladiumDwh.ClientReader.Core.csproj", "{B7E99F1A-ECE6-44D7-BDF4-75A453B5FE43}"
EndProject
Project("{FAE04EC0-301F-11D3-BF4B-00C04F79EFBC}") = "PalladiumDwh.ClientReader.Infrastructure", "PalladiumDwh.ClientReader.Infrastructure\PalladiumDwh.ClientReader.Infrastructure.csproj", "{6DFA67BB-56B7-4695-98F3-B2AD83B09845}"
EndProject
Project("{FAE04EC0-301F-11D3-BF4B-00C04F79EFBC}") = "PalladiumDwh.ClientReader.Core.Tests", "PalladiumDwh.ClientReader.Core.Tests\PalladiumDwh.ClientReader.Core.Tests.csproj", "{1128E6B5-A3D2-4EE1-95F3-5B9A19ED78C1}"
EndProject
Project("{FAE04EC0-301F-11D3-BF4B-00C04F79EFBC}") = "PalladiumDwh.ClientUploader.Core", "PalladiumDwh.ClientUploader.Core\PalladiumDwh.ClientUploader.Core.csproj", "{E1EE232F-1977-4E72-98D6-7A088B201D38}"
EndProject
Project("{FAE04EC0-301F-11D3-BF4B-00C04F79EFBC}") = "PalladiumDwh.ClientUploader.Infrastructure", "PalladiumDwh.ClientUploader.Infrastructure\PalladiumDwh.ClientUploader.Infrastructure.csproj", "{335B20E1-FD2A-48EC-9376-9F294AAEF75D}"
EndProject
Project("{FAE04EC0-301F-11D3-BF4B-00C04F79EFBC}") = "PalladiumDwh.ClientUploader.Infrastructure.Tests", "PalladiumDwh.ClientUploader.Infrastructure.Tests\PalladiumDwh.ClientUploader.Infrastructure.Tests.csproj", "{EA397F5A-646B-4CB3-A0A6-2DC48BAE13D3}"
EndProject
Project("{FAE04EC0-301F-11D3-BF4B-00C04F79EFBC}") = "PalladiumDwh.ClientUploader.Core.Tests", "PalladiumDwh.ClientUploader.Core.Tests\PalladiumDwh.ClientUploader.Core.Tests.csproj", "{B4BECF3B-F4C8-43ED-91AC-048658E28CB3}"
EndProject
Project("{FAE04EC0-301F-11D3-BF4B-00C04F79EFBC}") = "PalladiumDwh.ClientApp", "PalladiumDwh.ClientApp\PalladiumDwh.ClientApp.csproj", "{937CEB6E-CC7D-4A14-A7F6-30055E087275}"
EndProject
Project("{FAE04EC0-301F-11D3-BF4B-00C04F79EFBC}") = "PalladiumDwh.ClientReader.Infrastructure.Tests", "PalladiumDwh.ClientReader.Infrastructure.Tests\PalladiumDwh.ClientReader.Infrastructure.Tests.csproj", "{59D7021E-700A-4811-A687-046C89416112}"
EndProject
Project("{2150E333-8FDC-42A3-9474-1A3956D46DE8}") = "GZip", "GZip", "{CB1713AD-9101-483C-BB80-51EA6B4C2144}"
EndProject
Project("{FAE04EC0-301F-11D3-BF4B-00C04F79EFBC}") = "System.Net.Http.Extensions.Compression.Core", "System.Net.Http.Extensions.Compression.Core\System.Net.Http.Extensions.Compression.Core.csproj", "{BBC839CF-96B4-4423-9492-8D41D176C8E2}"
EndProject
Project("{FAE04EC0-301F-11D3-BF4B-00C04F79EFBC}") = "Microsoft.AspNet.WebApi.Extensions.Compression.Server", "Microsoft.AspNet.WebApi.Extensions.Compression.Server\Microsoft.AspNet.WebApi.Extensions.Compression.Server.csproj", "{70D2BE22-A862-4464-B989-F2FDD9F6C8E4}"
EndProject
Project("{FAE04EC0-301F-11D3-BF4B-00C04F79EFBC}") = "System.Net.Http.Extensions.Compression.Client", "System.Net.Http.Extensions.Compression.Client\System.Net.Http.Extensions.Compression.Client.csproj", "{1F947F28-DCB1-448C-A2F0-7A8093AF532B}"
EndProject
Global
	GlobalSection(SolutionConfigurationPlatforms) = preSolution
		Debug|Any CPU = Debug|Any CPU
		Release|Any CPU = Release|Any CPU
		Staging|Any CPU = Staging|Any CPU
		Test|Any CPU = Test|Any CPU
	EndGlobalSection
	GlobalSection(ProjectConfigurationPlatforms) = postSolution
		{59A12AB3-C0EC-4CFE-BCA0-959FAA563AEB}.Debug|Any CPU.ActiveCfg = Debug|Any CPU
		{59A12AB3-C0EC-4CFE-BCA0-959FAA563AEB}.Debug|Any CPU.Build.0 = Debug|Any CPU
		{59A12AB3-C0EC-4CFE-BCA0-959FAA563AEB}.Release|Any CPU.ActiveCfg = Release|Any CPU
		{59A12AB3-C0EC-4CFE-BCA0-959FAA563AEB}.Release|Any CPU.Build.0 = Release|Any CPU
		{59A12AB3-C0EC-4CFE-BCA0-959FAA563AEB}.Staging|Any CPU.ActiveCfg = Release|Any CPU
		{59A12AB3-C0EC-4CFE-BCA0-959FAA563AEB}.Staging|Any CPU.Build.0 = Release|Any CPU
		{59A12AB3-C0EC-4CFE-BCA0-959FAA563AEB}.Test|Any CPU.ActiveCfg = Release|Any CPU
		{59A12AB3-C0EC-4CFE-BCA0-959FAA563AEB}.Test|Any CPU.Build.0 = Release|Any CPU
		{50ED08E8-8FEA-4C87-B265-E39DAEA4B480}.Debug|Any CPU.ActiveCfg = Debug|Any CPU
		{50ED08E8-8FEA-4C87-B265-E39DAEA4B480}.Debug|Any CPU.Build.0 = Debug|Any CPU
		{50ED08E8-8FEA-4C87-B265-E39DAEA4B480}.Release|Any CPU.ActiveCfg = Release|Any CPU
		{50ED08E8-8FEA-4C87-B265-E39DAEA4B480}.Release|Any CPU.Build.0 = Release|Any CPU
		{50ED08E8-8FEA-4C87-B265-E39DAEA4B480}.Staging|Any CPU.ActiveCfg = Release|Any CPU
		{50ED08E8-8FEA-4C87-B265-E39DAEA4B480}.Staging|Any CPU.Build.0 = Release|Any CPU
		{50ED08E8-8FEA-4C87-B265-E39DAEA4B480}.Test|Any CPU.ActiveCfg = Release|Any CPU
		{50ED08E8-8FEA-4C87-B265-E39DAEA4B480}.Test|Any CPU.Build.0 = Release|Any CPU
		{3293A13D-AF57-4C99-99A3-9DC9B92F12C2}.Debug|Any CPU.ActiveCfg = Debug|Any CPU
		{3293A13D-AF57-4C99-99A3-9DC9B92F12C2}.Debug|Any CPU.Build.0 = Debug|Any CPU
		{3293A13D-AF57-4C99-99A3-9DC9B92F12C2}.Release|Any CPU.ActiveCfg = Release|Any CPU
		{3293A13D-AF57-4C99-99A3-9DC9B92F12C2}.Release|Any CPU.Build.0 = Release|Any CPU
		{3293A13D-AF57-4C99-99A3-9DC9B92F12C2}.Staging|Any CPU.ActiveCfg = Release|Any CPU
		{3293A13D-AF57-4C99-99A3-9DC9B92F12C2}.Staging|Any CPU.Build.0 = Release|Any CPU
		{3293A13D-AF57-4C99-99A3-9DC9B92F12C2}.Test|Any CPU.ActiveCfg = Release|Any CPU
		{3293A13D-AF57-4C99-99A3-9DC9B92F12C2}.Test|Any CPU.Build.0 = Release|Any CPU
		{F6F71252-7E38-445D-BAE5-977B515B78AC}.Debug|Any CPU.ActiveCfg = Debug|Any CPU
		{F6F71252-7E38-445D-BAE5-977B515B78AC}.Debug|Any CPU.Build.0 = Debug|Any CPU
		{F6F71252-7E38-445D-BAE5-977B515B78AC}.Release|Any CPU.ActiveCfg = Release|Any CPU
		{F6F71252-7E38-445D-BAE5-977B515B78AC}.Release|Any CPU.Build.0 = Release|Any CPU
		{F6F71252-7E38-445D-BAE5-977B515B78AC}.Staging|Any CPU.ActiveCfg = Release|Any CPU
		{F6F71252-7E38-445D-BAE5-977B515B78AC}.Staging|Any CPU.Build.0 = Release|Any CPU
		{F6F71252-7E38-445D-BAE5-977B515B78AC}.Test|Any CPU.ActiveCfg = Release|Any CPU
		{F6F71252-7E38-445D-BAE5-977B515B78AC}.Test|Any CPU.Build.0 = Release|Any CPU
		{1EBF6D9F-2331-4BFD-B197-6B64882787C0}.Debug|Any CPU.ActiveCfg = Debug|Any CPU
		{1EBF6D9F-2331-4BFD-B197-6B64882787C0}.Debug|Any CPU.Build.0 = Debug|Any CPU
		{1EBF6D9F-2331-4BFD-B197-6B64882787C0}.Release|Any CPU.ActiveCfg = Release|Any CPU
		{1EBF6D9F-2331-4BFD-B197-6B64882787C0}.Release|Any CPU.Build.0 = Release|Any CPU
		{1EBF6D9F-2331-4BFD-B197-6B64882787C0}.Staging|Any CPU.ActiveCfg = Release|Any CPU
		{1EBF6D9F-2331-4BFD-B197-6B64882787C0}.Staging|Any CPU.Build.0 = Release|Any CPU
		{1EBF6D9F-2331-4BFD-B197-6B64882787C0}.Test|Any CPU.ActiveCfg = Release|Any CPU
		{1EBF6D9F-2331-4BFD-B197-6B64882787C0}.Test|Any CPU.Build.0 = Release|Any CPU
		{0DF9EEFC-BDD4-4640-87A2-55219E78AE8B}.Debug|Any CPU.ActiveCfg = Debug|Any CPU
		{0DF9EEFC-BDD4-4640-87A2-55219E78AE8B}.Debug|Any CPU.Build.0 = Debug|Any CPU
		{0DF9EEFC-BDD4-4640-87A2-55219E78AE8B}.Release|Any CPU.ActiveCfg = Release|Any CPU
		{0DF9EEFC-BDD4-4640-87A2-55219E78AE8B}.Release|Any CPU.Build.0 = Release|Any CPU
		{0DF9EEFC-BDD4-4640-87A2-55219E78AE8B}.Staging|Any CPU.ActiveCfg = Release|Any CPU
		{0DF9EEFC-BDD4-4640-87A2-55219E78AE8B}.Staging|Any CPU.Build.0 = Release|Any CPU
		{0DF9EEFC-BDD4-4640-87A2-55219E78AE8B}.Test|Any CPU.ActiveCfg = Release|Any CPU
		{0DF9EEFC-BDD4-4640-87A2-55219E78AE8B}.Test|Any CPU.Build.0 = Release|Any CPU
		{42537A79-154B-4E6A-B7A2-324A8163C2BD}.Debug|Any CPU.ActiveCfg = Debug|Any CPU
		{42537A79-154B-4E6A-B7A2-324A8163C2BD}.Debug|Any CPU.Build.0 = Debug|Any CPU
		{42537A79-154B-4E6A-B7A2-324A8163C2BD}.Release|Any CPU.ActiveCfg = Release|Any CPU
		{42537A79-154B-4E6A-B7A2-324A8163C2BD}.Release|Any CPU.Build.0 = Release|Any CPU
		{42537A79-154B-4E6A-B7A2-324A8163C2BD}.Staging|Any CPU.ActiveCfg = Release|Any CPU
		{42537A79-154B-4E6A-B7A2-324A8163C2BD}.Staging|Any CPU.Build.0 = Release|Any CPU
		{42537A79-154B-4E6A-B7A2-324A8163C2BD}.Test|Any CPU.ActiveCfg = Release|Any CPU
		{42537A79-154B-4E6A-B7A2-324A8163C2BD}.Test|Any CPU.Build.0 = Release|Any CPU
		{F78E308A-9C01-4784-9945-CF4412173E9B}.Debug|Any CPU.ActiveCfg = Debug|Any CPU
		{F78E308A-9C01-4784-9945-CF4412173E9B}.Debug|Any CPU.Build.0 = Debug|Any CPU
		{F78E308A-9C01-4784-9945-CF4412173E9B}.Release|Any CPU.ActiveCfg = Release|Any CPU
		{F78E308A-9C01-4784-9945-CF4412173E9B}.Release|Any CPU.Build.0 = Release|Any CPU
		{F78E308A-9C01-4784-9945-CF4412173E9B}.Staging|Any CPU.ActiveCfg = Release|Any CPU
		{F78E308A-9C01-4784-9945-CF4412173E9B}.Staging|Any CPU.Build.0 = Release|Any CPU
		{F78E308A-9C01-4784-9945-CF4412173E9B}.Test|Any CPU.ActiveCfg = Release|Any CPU
		{F78E308A-9C01-4784-9945-CF4412173E9B}.Test|Any CPU.Build.0 = Release|Any CPU
		{E7EF3F36-D069-49D3-B8F1-A341F00E678A}.Debug|Any CPU.ActiveCfg = Debug|Any CPU
		{E7EF3F36-D069-49D3-B8F1-A341F00E678A}.Debug|Any CPU.Build.0 = Debug|Any CPU
		{E7EF3F36-D069-49D3-B8F1-A341F00E678A}.Release|Any CPU.ActiveCfg = Release|Any CPU
		{E7EF3F36-D069-49D3-B8F1-A341F00E678A}.Release|Any CPU.Build.0 = Release|Any CPU
		{E7EF3F36-D069-49D3-B8F1-A341F00E678A}.Staging|Any CPU.ActiveCfg = Release|Any CPU
		{E7EF3F36-D069-49D3-B8F1-A341F00E678A}.Staging|Any CPU.Build.0 = Release|Any CPU
		{E7EF3F36-D069-49D3-B8F1-A341F00E678A}.Test|Any CPU.ActiveCfg = Release|Any CPU
		{E7EF3F36-D069-49D3-B8F1-A341F00E678A}.Test|Any CPU.Build.0 = Release|Any CPU
		{AE9E2E4A-0F4D-4CA1-9EBB-9EEC7AA209CC}.Debug|Any CPU.ActiveCfg = Debug|Any CPU
		{AE9E2E4A-0F4D-4CA1-9EBB-9EEC7AA209CC}.Debug|Any CPU.Build.0 = Debug|Any CPU
		{AE9E2E4A-0F4D-4CA1-9EBB-9EEC7AA209CC}.Release|Any CPU.ActiveCfg = Release|Any CPU
		{AE9E2E4A-0F4D-4CA1-9EBB-9EEC7AA209CC}.Release|Any CPU.Build.0 = Release|Any CPU
		{AE9E2E4A-0F4D-4CA1-9EBB-9EEC7AA209CC}.Staging|Any CPU.ActiveCfg = Release|Any CPU
		{AE9E2E4A-0F4D-4CA1-9EBB-9EEC7AA209CC}.Staging|Any CPU.Build.0 = Release|Any CPU
		{AE9E2E4A-0F4D-4CA1-9EBB-9EEC7AA209CC}.Test|Any CPU.ActiveCfg = Release|Any CPU
		{AE9E2E4A-0F4D-4CA1-9EBB-9EEC7AA209CC}.Test|Any CPU.Build.0 = Release|Any CPU
		{2BA071EB-06AD-41A0-8ADA-0F9804A6246C}.Debug|Any CPU.ActiveCfg = Debug|Any CPU
		{2BA071EB-06AD-41A0-8ADA-0F9804A6246C}.Debug|Any CPU.Build.0 = Debug|Any CPU
		{2BA071EB-06AD-41A0-8ADA-0F9804A6246C}.Release|Any CPU.ActiveCfg = Release|Any CPU
		{2BA071EB-06AD-41A0-8ADA-0F9804A6246C}.Release|Any CPU.Build.0 = Release|Any CPU
		{2BA071EB-06AD-41A0-8ADA-0F9804A6246C}.Staging|Any CPU.ActiveCfg = Release|Any CPU
		{2BA071EB-06AD-41A0-8ADA-0F9804A6246C}.Staging|Any CPU.Build.0 = Release|Any CPU
		{2BA071EB-06AD-41A0-8ADA-0F9804A6246C}.Test|Any CPU.ActiveCfg = Release|Any CPU
		{2BA071EB-06AD-41A0-8ADA-0F9804A6246C}.Test|Any CPU.Build.0 = Release|Any CPU
		{B7E99F1A-ECE6-44D7-BDF4-75A453B5FE43}.Debug|Any CPU.ActiveCfg = Debug|Any CPU
		{B7E99F1A-ECE6-44D7-BDF4-75A453B5FE43}.Debug|Any CPU.Build.0 = Debug|Any CPU
		{B7E99F1A-ECE6-44D7-BDF4-75A453B5FE43}.Release|Any CPU.ActiveCfg = Release|Any CPU
		{B7E99F1A-ECE6-44D7-BDF4-75A453B5FE43}.Release|Any CPU.Build.0 = Release|Any CPU
		{B7E99F1A-ECE6-44D7-BDF4-75A453B5FE43}.Staging|Any CPU.ActiveCfg = Release|Any CPU
		{B7E99F1A-ECE6-44D7-BDF4-75A453B5FE43}.Staging|Any CPU.Build.0 = Release|Any CPU
		{B7E99F1A-ECE6-44D7-BDF4-75A453B5FE43}.Test|Any CPU.ActiveCfg = Release|Any CPU
		{B7E99F1A-ECE6-44D7-BDF4-75A453B5FE43}.Test|Any CPU.Build.0 = Release|Any CPU
		{6DFA67BB-56B7-4695-98F3-B2AD83B09845}.Debug|Any CPU.ActiveCfg = Debug|Any CPU
		{6DFA67BB-56B7-4695-98F3-B2AD83B09845}.Debug|Any CPU.Build.0 = Debug|Any CPU
		{6DFA67BB-56B7-4695-98F3-B2AD83B09845}.Release|Any CPU.ActiveCfg = Release|Any CPU
		{6DFA67BB-56B7-4695-98F3-B2AD83B09845}.Release|Any CPU.Build.0 = Release|Any CPU
		{6DFA67BB-56B7-4695-98F3-B2AD83B09845}.Staging|Any CPU.ActiveCfg = Release|Any CPU
		{6DFA67BB-56B7-4695-98F3-B2AD83B09845}.Staging|Any CPU.Build.0 = Release|Any CPU
		{6DFA67BB-56B7-4695-98F3-B2AD83B09845}.Test|Any CPU.ActiveCfg = Release|Any CPU
		{6DFA67BB-56B7-4695-98F3-B2AD83B09845}.Test|Any CPU.Build.0 = Release|Any CPU
		{1128E6B5-A3D2-4EE1-95F3-5B9A19ED78C1}.Debug|Any CPU.ActiveCfg = Debug|Any CPU
		{1128E6B5-A3D2-4EE1-95F3-5B9A19ED78C1}.Debug|Any CPU.Build.0 = Debug|Any CPU
		{1128E6B5-A3D2-4EE1-95F3-5B9A19ED78C1}.Release|Any CPU.ActiveCfg = Release|Any CPU
		{1128E6B5-A3D2-4EE1-95F3-5B9A19ED78C1}.Release|Any CPU.Build.0 = Release|Any CPU
		{1128E6B5-A3D2-4EE1-95F3-5B9A19ED78C1}.Staging|Any CPU.ActiveCfg = Release|Any CPU
		{1128E6B5-A3D2-4EE1-95F3-5B9A19ED78C1}.Staging|Any CPU.Build.0 = Release|Any CPU
		{1128E6B5-A3D2-4EE1-95F3-5B9A19ED78C1}.Test|Any CPU.ActiveCfg = Release|Any CPU
		{1128E6B5-A3D2-4EE1-95F3-5B9A19ED78C1}.Test|Any CPU.Build.0 = Release|Any CPU
		{E1EE232F-1977-4E72-98D6-7A088B201D38}.Debug|Any CPU.ActiveCfg = Debug|Any CPU
		{E1EE232F-1977-4E72-98D6-7A088B201D38}.Debug|Any CPU.Build.0 = Debug|Any CPU
		{E1EE232F-1977-4E72-98D6-7A088B201D38}.Release|Any CPU.ActiveCfg = Release|Any CPU
		{E1EE232F-1977-4E72-98D6-7A088B201D38}.Release|Any CPU.Build.0 = Release|Any CPU
		{E1EE232F-1977-4E72-98D6-7A088B201D38}.Staging|Any CPU.ActiveCfg = Release|Any CPU
		{E1EE232F-1977-4E72-98D6-7A088B201D38}.Staging|Any CPU.Build.0 = Release|Any CPU
		{E1EE232F-1977-4E72-98D6-7A088B201D38}.Test|Any CPU.ActiveCfg = Release|Any CPU
		{E1EE232F-1977-4E72-98D6-7A088B201D38}.Test|Any CPU.Build.0 = Release|Any CPU
		{335B20E1-FD2A-48EC-9376-9F294AAEF75D}.Debug|Any CPU.ActiveCfg = Debug|Any CPU
		{335B20E1-FD2A-48EC-9376-9F294AAEF75D}.Debug|Any CPU.Build.0 = Debug|Any CPU
		{335B20E1-FD2A-48EC-9376-9F294AAEF75D}.Release|Any CPU.ActiveCfg = Release|Any CPU
		{335B20E1-FD2A-48EC-9376-9F294AAEF75D}.Release|Any CPU.Build.0 = Release|Any CPU
		{335B20E1-FD2A-48EC-9376-9F294AAEF75D}.Staging|Any CPU.ActiveCfg = Release|Any CPU
		{335B20E1-FD2A-48EC-9376-9F294AAEF75D}.Staging|Any CPU.Build.0 = Release|Any CPU
		{335B20E1-FD2A-48EC-9376-9F294AAEF75D}.Test|Any CPU.ActiveCfg = Release|Any CPU
		{335B20E1-FD2A-48EC-9376-9F294AAEF75D}.Test|Any CPU.Build.0 = Release|Any CPU
		{EA397F5A-646B-4CB3-A0A6-2DC48BAE13D3}.Debug|Any CPU.ActiveCfg = Debug|Any CPU
		{EA397F5A-646B-4CB3-A0A6-2DC48BAE13D3}.Debug|Any CPU.Build.0 = Debug|Any CPU
		{EA397F5A-646B-4CB3-A0A6-2DC48BAE13D3}.Release|Any CPU.ActiveCfg = Release|Any CPU
		{EA397F5A-646B-4CB3-A0A6-2DC48BAE13D3}.Release|Any CPU.Build.0 = Release|Any CPU
		{EA397F5A-646B-4CB3-A0A6-2DC48BAE13D3}.Staging|Any CPU.ActiveCfg = Release|Any CPU
		{EA397F5A-646B-4CB3-A0A6-2DC48BAE13D3}.Staging|Any CPU.Build.0 = Release|Any CPU
		{EA397F5A-646B-4CB3-A0A6-2DC48BAE13D3}.Test|Any CPU.ActiveCfg = Release|Any CPU
		{EA397F5A-646B-4CB3-A0A6-2DC48BAE13D3}.Test|Any CPU.Build.0 = Release|Any CPU
		{B4BECF3B-F4C8-43ED-91AC-048658E28CB3}.Debug|Any CPU.ActiveCfg = Debug|Any CPU
		{B4BECF3B-F4C8-43ED-91AC-048658E28CB3}.Debug|Any CPU.Build.0 = Debug|Any CPU
		{B4BECF3B-F4C8-43ED-91AC-048658E28CB3}.Release|Any CPU.ActiveCfg = Release|Any CPU
		{B4BECF3B-F4C8-43ED-91AC-048658E28CB3}.Release|Any CPU.Build.0 = Release|Any CPU
		{B4BECF3B-F4C8-43ED-91AC-048658E28CB3}.Staging|Any CPU.ActiveCfg = Release|Any CPU
		{B4BECF3B-F4C8-43ED-91AC-048658E28CB3}.Staging|Any CPU.Build.0 = Release|Any CPU
		{B4BECF3B-F4C8-43ED-91AC-048658E28CB3}.Test|Any CPU.ActiveCfg = Release|Any CPU
		{B4BECF3B-F4C8-43ED-91AC-048658E28CB3}.Test|Any CPU.Build.0 = Release|Any CPU
		{937CEB6E-CC7D-4A14-A7F6-30055E087275}.Debug|Any CPU.ActiveCfg = Debug|Any CPU
		{937CEB6E-CC7D-4A14-A7F6-30055E087275}.Debug|Any CPU.Build.0 = Debug|Any CPU
		{937CEB6E-CC7D-4A14-A7F6-30055E087275}.Release|Any CPU.ActiveCfg = Release|Any CPU
		{937CEB6E-CC7D-4A14-A7F6-30055E087275}.Release|Any CPU.Build.0 = Release|Any CPU
		{937CEB6E-CC7D-4A14-A7F6-30055E087275}.Staging|Any CPU.ActiveCfg = Release|Any CPU
		{937CEB6E-CC7D-4A14-A7F6-30055E087275}.Staging|Any CPU.Build.0 = Release|Any CPU
		{937CEB6E-CC7D-4A14-A7F6-30055E087275}.Test|Any CPU.ActiveCfg = Release|Any CPU
		{937CEB6E-CC7D-4A14-A7F6-30055E087275}.Test|Any CPU.Build.0 = Release|Any CPU
		{59D7021E-700A-4811-A687-046C89416112}.Debug|Any CPU.ActiveCfg = Debug|Any CPU
		{59D7021E-700A-4811-A687-046C89416112}.Debug|Any CPU.Build.0 = Debug|Any CPU
		{59D7021E-700A-4811-A687-046C89416112}.Release|Any CPU.ActiveCfg = Release|Any CPU
		{59D7021E-700A-4811-A687-046C89416112}.Release|Any CPU.Build.0 = Release|Any CPU
		{59D7021E-700A-4811-A687-046C89416112}.Staging|Any CPU.ActiveCfg = Release|Any CPU
		{59D7021E-700A-4811-A687-046C89416112}.Staging|Any CPU.Build.0 = Release|Any CPU
		{59D7021E-700A-4811-A687-046C89416112}.Test|Any CPU.ActiveCfg = Release|Any CPU
		{59D7021E-700A-4811-A687-046C89416112}.Test|Any CPU.Build.0 = Release|Any CPU
		{BBC839CF-96B4-4423-9492-8D41D176C8E2}.Debug|Any CPU.ActiveCfg = Debug|Any CPU
		{BBC839CF-96B4-4423-9492-8D41D176C8E2}.Debug|Any CPU.Build.0 = Debug|Any CPU
		{BBC839CF-96B4-4423-9492-8D41D176C8E2}.Release|Any CPU.ActiveCfg = Release|Any CPU
		{BBC839CF-96B4-4423-9492-8D41D176C8E2}.Release|Any CPU.Build.0 = Release|Any CPU
		{BBC839CF-96B4-4423-9492-8D41D176C8E2}.Staging|Any CPU.ActiveCfg = Release|Any CPU
		{BBC839CF-96B4-4423-9492-8D41D176C8E2}.Staging|Any CPU.Build.0 = Release|Any CPU
		{BBC839CF-96B4-4423-9492-8D41D176C8E2}.Test|Any CPU.ActiveCfg = Release|Any CPU
		{BBC839CF-96B4-4423-9492-8D41D176C8E2}.Test|Any CPU.Build.0 = Release|Any CPU
		{70D2BE22-A862-4464-B989-F2FDD9F6C8E4}.Debug|Any CPU.ActiveCfg = Debug|Any CPU
		{70D2BE22-A862-4464-B989-F2FDD9F6C8E4}.Debug|Any CPU.Build.0 = Debug|Any CPU
		{70D2BE22-A862-4464-B989-F2FDD9F6C8E4}.Release|Any CPU.ActiveCfg = Release|Any CPU
		{70D2BE22-A862-4464-B989-F2FDD9F6C8E4}.Release|Any CPU.Build.0 = Release|Any CPU
		{70D2BE22-A862-4464-B989-F2FDD9F6C8E4}.Staging|Any CPU.ActiveCfg = Release|Any CPU
		{70D2BE22-A862-4464-B989-F2FDD9F6C8E4}.Staging|Any CPU.Build.0 = Release|Any CPU
		{70D2BE22-A862-4464-B989-F2FDD9F6C8E4}.Test|Any CPU.ActiveCfg = Release|Any CPU
		{70D2BE22-A862-4464-B989-F2FDD9F6C8E4}.Test|Any CPU.Build.0 = Release|Any CPU
		{1F947F28-DCB1-448C-A2F0-7A8093AF532B}.Debug|Any CPU.ActiveCfg = Debug|Any CPU
		{1F947F28-DCB1-448C-A2F0-7A8093AF532B}.Debug|Any CPU.Build.0 = Debug|Any CPU
		{1F947F28-DCB1-448C-A2F0-7A8093AF532B}.Release|Any CPU.ActiveCfg = Release|Any CPU
		{1F947F28-DCB1-448C-A2F0-7A8093AF532B}.Release|Any CPU.Build.0 = Release|Any CPU
		{1F947F28-DCB1-448C-A2F0-7A8093AF532B}.Staging|Any CPU.ActiveCfg = Release|Any CPU
		{1F947F28-DCB1-448C-A2F0-7A8093AF532B}.Staging|Any CPU.Build.0 = Release|Any CPU
		{1F947F28-DCB1-448C-A2F0-7A8093AF532B}.Test|Any CPU.ActiveCfg = Release|Any CPU
		{1F947F28-DCB1-448C-A2F0-7A8093AF532B}.Test|Any CPU.Build.0 = Release|Any CPU
	EndGlobalSection
	GlobalSection(SolutionProperties) = preSolution
		HideSolutionNode = FALSE
	EndGlobalSection
	GlobalSection(NestedProjects) = preSolution
		{59A12AB3-C0EC-4CFE-BCA0-959FAA563AEB} = {44DD0DF7-9AB4-4E62-85CB-481ED2980190}
		{50ED08E8-8FEA-4C87-B265-E39DAEA4B480} = {D08B9570-DB7E-4961-82DF-25F0587AE9CD}
		{3293A13D-AF57-4C99-99A3-9DC9B92F12C2} = {D08B9570-DB7E-4961-82DF-25F0587AE9CD}
		{F6F71252-7E38-445D-BAE5-977B515B78AC} = {A4EA0933-D8C4-4941-91C4-788A6693B873}
		{1EBF6D9F-2331-4BFD-B197-6B64882787C0} = {A4EA0933-D8C4-4941-91C4-788A6693B873}
		{0DF9EEFC-BDD4-4640-87A2-55219E78AE8B} = {5E35045E-B1D3-45C0-B4E3-521BD380893D}
		{42537A79-154B-4E6A-B7A2-324A8163C2BD} = {44DD0DF7-9AB4-4E62-85CB-481ED2980190}
		{F78E308A-9C01-4784-9945-CF4412173E9B} = {5E35045E-B1D3-45C0-B4E3-521BD380893D}
		{E7EF3F36-D069-49D3-B8F1-A341F00E678A} = {DCD16F7E-3B0C-458B-A051-239C437A3576}
		{AE9E2E4A-0F4D-4CA1-9EBB-9EEC7AA209CC} = {D08B9570-DB7E-4961-82DF-25F0587AE9CD}
		{2BA071EB-06AD-41A0-8ADA-0F9804A6246C} = {D08B9570-DB7E-4961-82DF-25F0587AE9CD}
		{B7E99F1A-ECE6-44D7-BDF4-75A453B5FE43} = {91EBE02B-2447-4FE5-B176-B8EEE794AC6F}
		{6DFA67BB-56B7-4695-98F3-B2AD83B09845} = {91EBE02B-2447-4FE5-B176-B8EEE794AC6F}
		{1128E6B5-A3D2-4EE1-95F3-5B9A19ED78C1} = {91EBE02B-2447-4FE5-B176-B8EEE794AC6F}
		{E1EE232F-1977-4E72-98D6-7A088B201D38} = {91EBE02B-2447-4FE5-B176-B8EEE794AC6F}
		{335B20E1-FD2A-48EC-9376-9F294AAEF75D} = {91EBE02B-2447-4FE5-B176-B8EEE794AC6F}
		{EA397F5A-646B-4CB3-A0A6-2DC48BAE13D3} = {91EBE02B-2447-4FE5-B176-B8EEE794AC6F}
		{B4BECF3B-F4C8-43ED-91AC-048658E28CB3} = {91EBE02B-2447-4FE5-B176-B8EEE794AC6F}
		{937CEB6E-CC7D-4A14-A7F6-30055E087275} = {91EBE02B-2447-4FE5-B176-B8EEE794AC6F}
		{59D7021E-700A-4811-A687-046C89416112} = {91EBE02B-2447-4FE5-B176-B8EEE794AC6F}
		{BBC839CF-96B4-4423-9492-8D41D176C8E2} = {CB1713AD-9101-483C-BB80-51EA6B4C2144}
		{70D2BE22-A862-4464-B989-F2FDD9F6C8E4} = {CB1713AD-9101-483C-BB80-51EA6B4C2144}
		{1F947F28-DCB1-448C-A2F0-7A8093AF532B} = {CB1713AD-9101-483C-BB80-51EA6B4C2144}
	EndGlobalSection
EndGlobal
