
Microsoft Visual Studio Solution File, Format Version 12.00
# Visual Studio 14
VisualStudioVersion = 14.0.25420.1
MinimumVisualStudioVersion = 10.0.40219.1
Project("{FAE04EC0-301F-11D3-BF4B-00C04F79EFBC}") = "PalladiumDwh.Uploader", "PalladiumDwh.Uploader\PalladiumDwh.Uploader.csproj", "{23FA8247-47A3-4DC8-BF37-A97E96FEFB58}"
EndProject
Project("{FAE04EC0-301F-11D3-BF4B-00C04F79EFBC}") = "PalladiumDwh.Core", "PalladiumDwh.Core\PalladiumDwh.Core.csproj", "{59A12AB3-C0EC-4CFE-BCA0-959FAA563AEB}"
EndProject
Project("{FAE04EC0-301F-11D3-BF4B-00C04F79EFBC}") = "PalladiumDwh.Shared", "PalladiumDwh.Shared\PalladiumDwh.Shared.csproj", "{50ED08E8-8FEA-4C87-B265-E39DAEA4B480}"
EndProject
Project("{2150E333-8FDC-42A3-9474-1A3956D46DE8}") = "Core", "Core", "{44DD0DF7-9AB4-4E62-85CB-481ED2980190}"
EndProject
Project("{2150E333-8FDC-42A3-9474-1A3956D46DE8}") = "Shared", "Shared", "{D08B9570-DB7E-4961-82DF-25F0587AE9CD}"
EndProject
Project("{2150E333-8FDC-42A3-9474-1A3956D46DE8}") = "API", "API", "{5E35045E-B1D3-45C0-B4E3-521BD380893D}"
EndProject
Project("{2150E333-8FDC-42A3-9474-1A3956D46DE8}") = "Client", "Client", "{91EBE02B-2447-4FE5-B176-B8EEE794AC6F}"
EndProject
Project("{FAE04EC0-301F-11D3-BF4B-00C04F79EFBC}") = "PalladiumDwh.Shared.Tests", "PalladiumDwh.Shared.Tests\PalladiumDwh.Shared.Tests.csproj", "{3293A13D-AF57-4C99-99A3-9DC9B92F12C2}"
EndProject
Project("{2150E333-8FDC-42A3-9474-1A3956D46DE8}") = "Infrastructure", "Infrastructure", "{A4EA0933-D8C4-4941-91C4-788A6693B873}"
EndProject
Project("{FAE04EC0-301F-11D3-BF4B-00C04F79EFBC}") = "PalladiumDwh.Infrastructure", "PalladiumDwh.Infrastructure\PalladiumDwh.Infrastructure.csproj", "{F6F71252-7E38-445D-BAE5-977B515B78AC}"
EndProject
Project("{FAE04EC0-301F-11D3-BF4B-00C04F79EFBC}") = "PalladiumDwh.Infrastructure.Tests", "PalladiumDwh.Infrastructure.Tests\PalladiumDwh.Infrastructure.Tests.csproj", "{1EBF6D9F-2331-4BFD-B197-6B64882787C0}"
EndProject
Project("{FAE04EC0-301F-11D3-BF4B-00C04F79EFBC}") = "PalladiumDwh.DWapi", "PalladiumDwh.DWapi\PalladiumDwh.DWapi.csproj", "{0DF9EEFC-BDD4-4640-87A2-55219E78AE8B}"
EndProject
Project("{FAE04EC0-301F-11D3-BF4B-00C04F79EFBC}") = "PalladiumDwh.Core.Tests", "PalladiumDwh.Core.Tests\PalladiumDwh.Core.Tests.csproj", "{42537A79-154B-4E6A-B7A2-324A8163C2BD}"
EndProject
Project("{FAE04EC0-301F-11D3-BF4B-00C04F79EFBC}") = "PalladiumDwh.DWapi.Client", "PalladiumDwh.DWapi.Client\PalladiumDwh.DWapi.Client.csproj", "{94F5B02B-2DBA-4F7A-A4F1-C9AA2DE51E90}"
EndProject
Project("{FAE04EC0-301F-11D3-BF4B-00C04F79EFBC}") = "PalladiumDwh.DWapi.Client.Tests", "PalladiumDwh.DWapi.Client.Tests\PalladiumDwh.DWapi.Client.Tests.csproj", "{B1A248DA-8E41-4036-A7E9-F0C732975DE2}"
EndProject
Project("{FAE04EC0-301F-11D3-BF4B-00C04F79EFBC}") = "PalladiumDwh.DWapi.Tests", "PalladiumDwh.DWapi.Tests\PalladiumDwh.DWapi.Tests.csproj", "{F78E308A-9C01-4784-9945-CF4412173E9B}"
EndProject
Global
	GlobalSection(SolutionConfigurationPlatforms) = preSolution
		Debug|Any CPU = Debug|Any CPU
		Release|Any CPU = Release|Any CPU
	EndGlobalSection
	GlobalSection(ProjectConfigurationPlatforms) = postSolution
		{23FA8247-47A3-4DC8-BF37-A97E96FEFB58}.Debug|Any CPU.ActiveCfg = Debug|Any CPU
		{23FA8247-47A3-4DC8-BF37-A97E96FEFB58}.Debug|Any CPU.Build.0 = Debug|Any CPU
		{23FA8247-47A3-4DC8-BF37-A97E96FEFB58}.Release|Any CPU.ActiveCfg = Release|Any CPU
		{23FA8247-47A3-4DC8-BF37-A97E96FEFB58}.Release|Any CPU.Build.0 = Release|Any CPU
		{59A12AB3-C0EC-4CFE-BCA0-959FAA563AEB}.Debug|Any CPU.ActiveCfg = Debug|Any CPU
		{59A12AB3-C0EC-4CFE-BCA0-959FAA563AEB}.Debug|Any CPU.Build.0 = Debug|Any CPU
		{59A12AB3-C0EC-4CFE-BCA0-959FAA563AEB}.Release|Any CPU.ActiveCfg = Release|Any CPU
		{59A12AB3-C0EC-4CFE-BCA0-959FAA563AEB}.Release|Any CPU.Build.0 = Release|Any CPU
		{50ED08E8-8FEA-4C87-B265-E39DAEA4B480}.Debug|Any CPU.ActiveCfg = Debug|Any CPU
		{50ED08E8-8FEA-4C87-B265-E39DAEA4B480}.Debug|Any CPU.Build.0 = Debug|Any CPU
		{50ED08E8-8FEA-4C87-B265-E39DAEA4B480}.Release|Any CPU.ActiveCfg = Release|Any CPU
		{50ED08E8-8FEA-4C87-B265-E39DAEA4B480}.Release|Any CPU.Build.0 = Release|Any CPU
		{3293A13D-AF57-4C99-99A3-9DC9B92F12C2}.Debug|Any CPU.ActiveCfg = Debug|Any CPU
		{3293A13D-AF57-4C99-99A3-9DC9B92F12C2}.Debug|Any CPU.Build.0 = Debug|Any CPU
		{3293A13D-AF57-4C99-99A3-9DC9B92F12C2}.Release|Any CPU.ActiveCfg = Release|Any CPU
		{3293A13D-AF57-4C99-99A3-9DC9B92F12C2}.Release|Any CPU.Build.0 = Release|Any CPU
		{F6F71252-7E38-445D-BAE5-977B515B78AC}.Debug|Any CPU.ActiveCfg = Debug|Any CPU
		{F6F71252-7E38-445D-BAE5-977B515B78AC}.Debug|Any CPU.Build.0 = Debug|Any CPU
		{F6F71252-7E38-445D-BAE5-977B515B78AC}.Release|Any CPU.ActiveCfg = Release|Any CPU
		{F6F71252-7E38-445D-BAE5-977B515B78AC}.Release|Any CPU.Build.0 = Release|Any CPU
		{1EBF6D9F-2331-4BFD-B197-6B64882787C0}.Debug|Any CPU.ActiveCfg = Debug|Any CPU
		{1EBF6D9F-2331-4BFD-B197-6B64882787C0}.Debug|Any CPU.Build.0 = Debug|Any CPU
		{1EBF6D9F-2331-4BFD-B197-6B64882787C0}.Release|Any CPU.ActiveCfg = Release|Any CPU
		{1EBF6D9F-2331-4BFD-B197-6B64882787C0}.Release|Any CPU.Build.0 = Release|Any CPU
		{0DF9EEFC-BDD4-4640-87A2-55219E78AE8B}.Debug|Any CPU.ActiveCfg = Debug|Any CPU
		{0DF9EEFC-BDD4-4640-87A2-55219E78AE8B}.Debug|Any CPU.Build.0 = Debug|Any CPU
		{0DF9EEFC-BDD4-4640-87A2-55219E78AE8B}.Release|Any CPU.ActiveCfg = Release|Any CPU
		{0DF9EEFC-BDD4-4640-87A2-55219E78AE8B}.Release|Any CPU.Build.0 = Release|Any CPU
		{42537A79-154B-4E6A-B7A2-324A8163C2BD}.Debug|Any CPU.ActiveCfg = Debug|Any CPU
		{42537A79-154B-4E6A-B7A2-324A8163C2BD}.Debug|Any CPU.Build.0 = Debug|Any CPU
		{42537A79-154B-4E6A-B7A2-324A8163C2BD}.Release|Any CPU.ActiveCfg = Release|Any CPU
		{42537A79-154B-4E6A-B7A2-324A8163C2BD}.Release|Any CPU.Build.0 = Release|Any CPU
		{94F5B02B-2DBA-4F7A-A4F1-C9AA2DE51E90}.Debug|Any CPU.ActiveCfg = Debug|Any CPU
		{94F5B02B-2DBA-4F7A-A4F1-C9AA2DE51E90}.Debug|Any CPU.Build.0 = Debug|Any CPU
		{94F5B02B-2DBA-4F7A-A4F1-C9AA2DE51E90}.Release|Any CPU.ActiveCfg = Release|Any CPU
		{94F5B02B-2DBA-4F7A-A4F1-C9AA2DE51E90}.Release|Any CPU.Build.0 = Release|Any CPU
		{B1A248DA-8E41-4036-A7E9-F0C732975DE2}.Debug|Any CPU.ActiveCfg = Debug|Any CPU
		{B1A248DA-8E41-4036-A7E9-F0C732975DE2}.Debug|Any CPU.Build.0 = Debug|Any CPU
		{B1A248DA-8E41-4036-A7E9-F0C732975DE2}.Release|Any CPU.ActiveCfg = Release|Any CPU
		{B1A248DA-8E41-4036-A7E9-F0C732975DE2}.Release|Any CPU.Build.0 = Release|Any CPU
		{F78E308A-9C01-4784-9945-CF4412173E9B}.Debug|Any CPU.ActiveCfg = Debug|Any CPU
		{F78E308A-9C01-4784-9945-CF4412173E9B}.Debug|Any CPU.Build.0 = Debug|Any CPU
		{F78E308A-9C01-4784-9945-CF4412173E9B}.Release|Any CPU.ActiveCfg = Release|Any CPU
		{F78E308A-9C01-4784-9945-CF4412173E9B}.Release|Any CPU.Build.0 = Release|Any CPU
	EndGlobalSection
	GlobalSection(SolutionProperties) = preSolution
		HideSolutionNode = FALSE
	EndGlobalSection
	GlobalSection(NestedProjects) = preSolution
		{23FA8247-47A3-4DC8-BF37-A97E96FEFB58} = {91EBE02B-2447-4FE5-B176-B8EEE794AC6F}
		{59A12AB3-C0EC-4CFE-BCA0-959FAA563AEB} = {44DD0DF7-9AB4-4E62-85CB-481ED2980190}
		{50ED08E8-8FEA-4C87-B265-E39DAEA4B480} = {D08B9570-DB7E-4961-82DF-25F0587AE9CD}
		{3293A13D-AF57-4C99-99A3-9DC9B92F12C2} = {D08B9570-DB7E-4961-82DF-25F0587AE9CD}
		{F6F71252-7E38-445D-BAE5-977B515B78AC} = {A4EA0933-D8C4-4941-91C4-788A6693B873}
		{1EBF6D9F-2331-4BFD-B197-6B64882787C0} = {A4EA0933-D8C4-4941-91C4-788A6693B873}
		{0DF9EEFC-BDD4-4640-87A2-55219E78AE8B} = {5E35045E-B1D3-45C0-B4E3-521BD380893D}
		{42537A79-154B-4E6A-B7A2-324A8163C2BD} = {44DD0DF7-9AB4-4E62-85CB-481ED2980190}
		{94F5B02B-2DBA-4F7A-A4F1-C9AA2DE51E90} = {91EBE02B-2447-4FE5-B176-B8EEE794AC6F}
		{B1A248DA-8E41-4036-A7E9-F0C732975DE2} = {91EBE02B-2447-4FE5-B176-B8EEE794AC6F}
		{F78E308A-9C01-4784-9945-CF4412173E9B} = {5E35045E-B1D3-45C0-B4E3-521BD380893D}
	EndGlobalSection
EndGlobal
